
Microsoft Visual Studio Solution File, Format Version 12.00
# Visual Studio 15
VisualStudioVersion = 15.0.26228.9
MinimumVisualStudioVersion = 10.0.40219.1
Project("{2150E333-8FDC-42A3-9474-1A3956D46DE8}") = "src", "src", "{5390F6C0-0271-4209-B3DF-483C7C24335F}"
EndProject
Project("{2150E333-8FDC-42A3-9474-1A3956D46DE8}") = "Solution Items", "Solution Items", "{B4F4D36B-B08F-4448-BB88-F0F7B88BDE49}"
EndProject
Project("{9A19103F-16F7-4668-BE54-9A1E7A4F7556}") = "MarkdownSharp", "src\MarkdownSharp\MarkdownSharp.csproj", "{3A6F1A01-083F-49F3-A6D6-E646E588F863}"
EndProject
Project("{FAE04EC0-301F-11D3-BF4B-00C04F79EFBC}") = "Search", "src\Search\Search.csproj", "{A1099C6C-4448-47D6-832B-21EEAFF3F39D}"
EndProject
Project("{FAE04EC0-301F-11D3-BF4B-00C04F79EFBC}") = "SearchTestApp", "SearchTestApp\SearchTestApp.csproj", "{F74B88B2-E168-493E-BE4E-16C1E1668292}"
EndProject
Project("{FAE04EC0-301F-11D3-BF4B-00C04F79EFBC}") = "Site", "Site\Site.csproj", "{EE0A1BC8-4B9A-41B8-9358-AEFEFE931067}"
EndProject
Project("{FAE04EC0-301F-11D3-BF4B-00C04F79EFBC}") = "Data", "Data\Data.csproj", "{0DD8BE91-DB31-4AC5-BE03-398508B53C98}"
EndProject
Project("{2150E333-8FDC-42A3-9474-1A3956D46DE8}") = "Archive", "Archive", "{8812ABD9-2987-49C6-94E7-D3A2A6CEB12B}"
EndProject
Project("{FAE04EC0-301F-11D3-BF4B-00C04F79EFBC}") = "Models", "Models\Models.csproj", "{98558AF6-E42A-4459-8498-627A5D12F022}"
EndProject
Project("{FAE04EC0-301F-11D3-BF4B-00C04F79EFBC}") = "LuceneSearch", "LuceneSearch\LuceneSearch.csproj", "{88DA8EF5-EFF1-4232-8E17-1DC7C18D38C4}"
EndProject
Project("{FAE04EC0-301F-11D3-BF4B-00C04F79EFBC}") = "Website", "Website\Website.csproj", "{B679BE45-CA70-4A22-8E21-1FB0C8719AE9}"
EndProject
Global
	GlobalSection(SolutionConfigurationPlatforms) = preSolution
		Debug|Any CPU = Debug|Any CPU
		Release|Any CPU = Release|Any CPU
	EndGlobalSection
	GlobalSection(ProjectConfigurationPlatforms) = postSolution
		{3A6F1A01-083F-49F3-A6D6-E646E588F863}.Debug|Any CPU.ActiveCfg = Debug|Any CPU
		{3A6F1A01-083F-49F3-A6D6-E646E588F863}.Debug|Any CPU.Build.0 = Debug|Any CPU
		{3A6F1A01-083F-49F3-A6D6-E646E588F863}.Release|Any CPU.ActiveCfg = Release|Any CPU
		{3A6F1A01-083F-49F3-A6D6-E646E588F863}.Release|Any CPU.Build.0 = Release|Any CPU
		{A1099C6C-4448-47D6-832B-21EEAFF3F39D}.Debug|Any CPU.ActiveCfg = Debug|Any CPU
		{A1099C6C-4448-47D6-832B-21EEAFF3F39D}.Debug|Any CPU.Build.0 = Debug|Any CPU
		{A1099C6C-4448-47D6-832B-21EEAFF3F39D}.Release|Any CPU.ActiveCfg = Release|Any CPU
		{A1099C6C-4448-47D6-832B-21EEAFF3F39D}.Release|Any CPU.Build.0 = Release|Any CPU
		{F74B88B2-E168-493E-BE4E-16C1E1668292}.Debug|Any CPU.ActiveCfg = Debug|Any CPU
		{F74B88B2-E168-493E-BE4E-16C1E1668292}.Debug|Any CPU.Build.0 = Debug|Any CPU
		{F74B88B2-E168-493E-BE4E-16C1E1668292}.Release|Any CPU.ActiveCfg = Release|Any CPU
		{F74B88B2-E168-493E-BE4E-16C1E1668292}.Release|Any CPU.Build.0 = Release|Any CPU
		{EE0A1BC8-4B9A-41B8-9358-AEFEFE931067}.Debug|Any CPU.ActiveCfg = Debug|Any CPU
		{EE0A1BC8-4B9A-41B8-9358-AEFEFE931067}.Debug|Any CPU.Build.0 = Debug|Any CPU
		{EE0A1BC8-4B9A-41B8-9358-AEFEFE931067}.Release|Any CPU.ActiveCfg = Release|Any CPU
		{EE0A1BC8-4B9A-41B8-9358-AEFEFE931067}.Release|Any CPU.Build.0 = Release|Any CPU
		{0DD8BE91-DB31-4AC5-BE03-398508B53C98}.Debug|Any CPU.ActiveCfg = Debug|Any CPU
		{0DD8BE91-DB31-4AC5-BE03-398508B53C98}.Debug|Any CPU.Build.0 = Debug|Any CPU
		{0DD8BE91-DB31-4AC5-BE03-398508B53C98}.Release|Any CPU.ActiveCfg = Release|Any CPU
		{0DD8BE91-DB31-4AC5-BE03-398508B53C98}.Release|Any CPU.Build.0 = Release|Any CPU
		{98558AF6-E42A-4459-8498-627A5D12F022}.Debug|Any CPU.ActiveCfg = Debug|Any CPU
		{98558AF6-E42A-4459-8498-627A5D12F022}.Debug|Any CPU.Build.0 = Debug|Any CPU
		{98558AF6-E42A-4459-8498-627A5D12F022}.Release|Any CPU.ActiveCfg = Release|Any CPU
		{98558AF6-E42A-4459-8498-627A5D12F022}.Release|Any CPU.Build.0 = Release|Any CPU
		{88DA8EF5-EFF1-4232-8E17-1DC7C18D38C4}.Debug|Any CPU.ActiveCfg = Debug|Any CPU
		{88DA8EF5-EFF1-4232-8E17-1DC7C18D38C4}.Debug|Any CPU.Build.0 = Debug|Any CPU
		{88DA8EF5-EFF1-4232-8E17-1DC7C18D38C4}.Release|Any CPU.ActiveCfg = Release|Any CPU
		{88DA8EF5-EFF1-4232-8E17-1DC7C18D38C4}.Release|Any CPU.Build.0 = Release|Any CPU
		{B679BE45-CA70-4A22-8E21-1FB0C8719AE9}.Debug|Any CPU.ActiveCfg = Debug|Any CPU
		{B679BE45-CA70-4A22-8E21-1FB0C8719AE9}.Debug|Any CPU.Build.0 = Debug|Any CPU
		{B679BE45-CA70-4A22-8E21-1FB0C8719AE9}.Release|Any CPU.ActiveCfg = Release|Any CPU
		{B679BE45-CA70-4A22-8E21-1FB0C8719AE9}.Release|Any CPU.Build.0 = Release|Any CPU
	EndGlobalSection
	GlobalSection(SolutionProperties) = preSolution
		HideSolutionNode = FALSE
	EndGlobalSection
	GlobalSection(NestedProjects) = preSolution
		{3A6F1A01-083F-49F3-A6D6-E646E588F863} = {8812ABD9-2987-49C6-94E7-D3A2A6CEB12B}
		{A1099C6C-4448-47D6-832B-21EEAFF3F39D} = {8812ABD9-2987-49C6-94E7-D3A2A6CEB12B}
		{F74B88B2-E168-493E-BE4E-16C1E1668292} = {8812ABD9-2987-49C6-94E7-D3A2A6CEB12B}
		{EE0A1BC8-4B9A-41B8-9358-AEFEFE931067} = {8812ABD9-2987-49C6-94E7-D3A2A6CEB12B}
		{0DD8BE91-DB31-4AC5-BE03-398508B53C98} = {5390F6C0-0271-4209-B3DF-483C7C24335F}
		{8812ABD9-2987-49C6-94E7-D3A2A6CEB12B} = {5390F6C0-0271-4209-B3DF-483C7C24335F}
		{98558AF6-E42A-4459-8498-627A5D12F022} = {5390F6C0-0271-4209-B3DF-483C7C24335F}
		{88DA8EF5-EFF1-4232-8E17-1DC7C18D38C4} = {5390F6C0-0271-4209-B3DF-483C7C24335F}
		{B679BE45-CA70-4A22-8E21-1FB0C8719AE9} = {5390F6C0-0271-4209-B3DF-483C7C24335F}
	EndGlobalSection
EndGlobal
